// !$*UTF8*$!
{
	archiveVersion = 1;
	classes = {
	};
	objectVersion = 48;
	objects = {

/* Begin PBXBuildFile section */
		C29DA30129154DC10D0C8294 /* libPods-WPBaseDemo.a in Frameworks */ = {isa = PBXBuildFile; fileRef = 9C537F2887385135434303CC /* libPods-WPBaseDemo.a */; };
		F77CE6AE203065B900F545C2 /* AppDelegate.m in Sources */ = {isa = PBXBuildFile; fileRef = F77CE6AD203065B900F545C2 /* AppDelegate.m */; };
		F77CE6B1203065B900F545C2 /* ViewController.m in Sources */ = {isa = PBXBuildFile; fileRef = F77CE6B0203065B900F545C2 /* ViewController.m */; };
		F77CE6B4203065B900F545C2 /* Main.storyboard in Resources */ = {isa = PBXBuildFile; fileRef = F77CE6B2203065B900F545C2 /* Main.storyboard */; };
		F77CE6B6203065B900F545C2 /* Assets.xcassets in Resources */ = {isa = PBXBuildFile; fileRef = F77CE6B5203065B900F545C2 /* Assets.xcassets */; };
		F77CE6B9203065B900F545C2 /* LaunchScreen.storyboard in Resources */ = {isa = PBXBuildFile; fileRef = F77CE6B7203065B900F545C2 /* LaunchScreen.storyboard */; };
		F77CE6BC203065B900F545C2 /* main.m in Sources */ = {isa = PBXBuildFile; fileRef = F77CE6BB203065B900F545C2 /* main.m */; };
/* End PBXBuildFile section */

/* Begin PBXFileReference section */
		2D2FABCDD05093DC1692CD92 /* Pods-WPBaseDemo.debug.xcconfig */ = {isa = PBXFileReference; includeInIndex = 1; lastKnownFileType = text.xcconfig; name = "Pods-WPBaseDemo.debug.xcconfig"; path = "Pods/Target Support Files/Pods-WPBaseDemo/Pods-WPBaseDemo.debug.xcconfig"; sourceTree = "<group>"; };
		8D977C6BE2B3892DF362898C /* Pods-WPBaseDemo.release.xcconfig */ = {isa = PBXFileReference; includeInIndex = 1; lastKnownFileType = text.xcconfig; name = "Pods-WPBaseDemo.release.xcconfig"; path = "Pods/Target Support Files/Pods-WPBaseDemo/Pods-WPBaseDemo.release.xcconfig"; sourceTree = "<group>"; };
		9C537F2887385135434303CC /* libPods-WPBaseDemo.a */ = {isa = PBXFileReference; explicitFileType = archive.ar; includeInIndex = 0; path = "libPods-WPBaseDemo.a"; sourceTree = BUILT_PRODUCTS_DIR; };
		F77CE6A9203065B900F545C2 /* WPBaseDemo.app */ = {isa = PBXFileReference; explicitFileType = wrapper.application; includeInIndex = 0; path = WPBaseDemo.app; sourceTree = BUILT_PRODUCTS_DIR; };
		F77CE6AC203065B900F545C2 /* AppDelegate.h */ = {isa = PBXFileReference; lastKnownFileType = sourcecode.c.h; path = AppDelegate.h; sourceTree = "<group>"; };
		F77CE6AD203065B900F545C2 /* AppDelegate.m */ = {isa = PBXFileReference; lastKnownFileType = sourcecode.c.objc; path = AppDelegate.m; sourceTree = "<group>"; };
		F77CE6AF203065B900F545C2 /* ViewController.h */ = {isa = PBXFileReference; lastKnownFileType = sourcecode.c.h; path = ViewController.h; sourceTree = "<group>"; };
		F77CE6B0203065B900F545C2 /* ViewController.m */ = {isa = PBXFileReference; lastKnownFileType = sourcecode.c.objc; path = ViewController.m; sourceTree = "<group>"; };
		F77CE6B3203065B900F545C2 /* Base */ = {isa = PBXFileReference; lastKnownFileType = file.storyboard; name = Base; path = Base.lproj/Main.storyboard; sourceTree = "<group>"; };
		F77CE6B5203065B900F545C2 /* Assets.xcassets */ = {isa = PBXFileReference; lastKnownFileType = folder.assetcatalog; path = Assets.xcassets; sourceTree = "<group>"; };
		F77CE6B8203065B900F545C2 /* Base */ = {isa = PBXFileReference; lastKnownFileType = file.storyboard; name = Base; path = Base.lproj/LaunchScreen.storyboard; sourceTree = "<group>"; };
		F77CE6BA203065B900F545C2 /* Info.plist */ = {isa = PBXFileReference; lastKnownFileType = text.plist.xml; path = Info.plist; sourceTree = "<group>"; };
		F77CE6BB203065B900F545C2 /* main.m */ = {isa = PBXFileReference; lastKnownFileType = sourcecode.c.objc; path = main.m; sourceTree = "<group>"; };
/* End PBXFileReference section */

/* Begin PBXFrameworksBuildPhase section */
		F77CE6A6203065B900F545C2 /* Frameworks */ = {
			isa = PBXFrameworksBuildPhase;
			buildActionMask = 2147483647;
			files = (
				C29DA30129154DC10D0C8294 /* libPods-WPBaseDemo.a in Frameworks */,
			);
			runOnlyForDeploymentPostprocessing = 0;
		};
/* End PBXFrameworksBuildPhase section */

/* Begin PBXGroup section */
		98C283D3CD4A1AE821FF6640 /* Frameworks */ = {
			isa = PBXGroup;
			children = (
				9C537F2887385135434303CC /* libPods-WPBaseDemo.a */,
			);
			name = Frameworks;
			sourceTree = "<group>";
		};
		CC3B535527517ABC41EBED3A /* Pods */ = {
			isa = PBXGroup;
			children = (
				2D2FABCDD05093DC1692CD92 /* Pods-WPBaseDemo.debug.xcconfig */,
				8D977C6BE2B3892DF362898C /* Pods-WPBaseDemo.release.xcconfig */,
			);
			name = Pods;
			sourceTree = "<group>";
		};
		F77CE6A0203065B900F545C2 = {
			isa = PBXGroup;
			children = (
				F77CE6AB203065B900F545C2 /* WPBaseDemo */,
				F77CE6AA203065B900F545C2 /* Products */,
				CC3B535527517ABC41EBED3A /* Pods */,
				98C283D3CD4A1AE821FF6640 /* Frameworks */,
			);
			sourceTree = "<group>";
		};
		F77CE6AA203065B900F545C2 /* Products */ = {
			isa = PBXGroup;
			children = (
				F77CE6A9203065B900F545C2 /* WPBaseDemo.app */,
			);
			name = Products;
			sourceTree = "<group>";
		};
		F77CE6AB203065B900F545C2 /* WPBaseDemo */ = {
			isa = PBXGroup;
			children = (
				F77CE6AC203065B900F545C2 /* AppDelegate.h */,
				F77CE6AD203065B900F545C2 /* AppDelegate.m */,
				F77CE6AF203065B900F545C2 /* ViewController.h */,
				F77CE6B0203065B900F545C2 /* ViewController.m */,
				F77CE6B2203065B900F545C2 /* Main.storyboard */,
				F77CE6B5203065B900F545C2 /* Assets.xcassets */,
				F77CE6B7203065B900F545C2 /* LaunchScreen.storyboard */,
				F77CE6BA203065B900F545C2 /* Info.plist */,
				F77CE6BB203065B900F545C2 /* main.m */,
			);
			path = WPBaseDemo;
			sourceTree = "<group>";
		};
/* End PBXGroup section */

/* Begin PBXNativeTarget section */
		F77CE6A8203065B900F545C2 /* WPBaseDemo */ = {
			isa = PBXNativeTarget;
			buildConfigurationList = F77CE6BF203065B900F545C2 /* Build configuration list for PBXNativeTarget "WPBaseDemo" */;
			buildPhases = (
				DE6F29E3F90C2062B4A94A0C /* [CP] Check Pods Manifest.lock */,
				F77CE6A5203065B900F545C2 /* Sources */,
				F77CE6A6203065B900F545C2 /* Frameworks */,
				F77CE6A7203065B900F545C2 /* Resources */,
				EC9BED8748837C79E958744C /* [CP] Embed Pods Frameworks */,
				209D92B142358DC7BB190BA2 /* [CP] Copy Pods Resources */,
			);
			buildRules = (
			);
			dependencies = (
			);
			name = WPBaseDemo;
			productName = WPBaseDemo;
			productReference = F77CE6A9203065B900F545C2 /* WPBaseDemo.app */;
			productType = "com.apple.product-type.application";
		};
/* End PBXNativeTarget section */

/* Begin PBXProject section */
		F77CE6A1203065B900F545C2 /* Project object */ = {
			isa = PBXProject;
			attributes = {
				LastUpgradeCheck = 0910;
				ORGANIZATIONNAME = "王鹏";
				TargetAttributes = {
					F77CE6A8203065B900F545C2 = {
						CreatedOnToolsVersion = 9.1;
						ProvisioningStyle = Automatic;
					};
				};
			};
			buildConfigurationList = F77CE6A4203065B900F545C2 /* Build configuration list for PBXProject "WPBaseDemo" */;
			compatibilityVersion = "Xcode 8.0";
			developmentRegion = en;
			hasScannedForEncodings = 0;
			knownRegions = (
				en,
				Base,
			);
			mainGroup = F77CE6A0203065B900F545C2;
			productRefGroup = F77CE6AA203065B900F545C2 /* Products */;
			projectDirPath = "";
			projectRoot = "";
			targets = (
				F77CE6A8203065B900F545C2 /* WPBaseDemo */,
			);
		};
/* End PBXProject section */

/* Begin PBXResourcesBuildPhase section */
		F77CE6A7203065B900F545C2 /* Resources */ = {
			isa = PBXResourcesBuildPhase;
			buildActionMask = 2147483647;
			files = (
				F77CE6B9203065B900F545C2 /* LaunchScreen.storyboard in Resources */,
				F77CE6B6203065B900F545C2 /* Assets.xcassets in Resources */,
				F77CE6B4203065B900F545C2 /* Main.storyboard in Resources */,
			);
			runOnlyForDeploymentPostprocessing = 0;
		};
/* End PBXResourcesBuildPhase section */

/* Begin PBXShellScriptBuildPhase section */
		209D92B142358DC7BB190BA2 /* [CP] Copy Pods Resources */ = {
			isa = PBXShellScriptBuildPhase;
			buildActionMask = 2147483647;
			files = (
			);
			inputPaths = (
				"${SRCROOT}/Pods/Target Support Files/Pods-WPBaseDemo/Pods-WPBaseDemo-resources.sh",
				"${PODS_ROOT}/MJRefresh/MJRefresh/MJRefresh.bundle",
			);
			name = "[CP] Copy Pods Resources";
			outputPaths = (
				"${TARGET_BUILD_DIR}/${UNLOCALIZED_RESOURCES_FOLDER_PATH}",
			);
			runOnlyForDeploymentPostprocessing = 0;
			shellPath = /bin/sh;
			shellScript = "\"${SRCROOT}/Pods/Target Support Files/Pods-WPBaseDemo/Pods-WPBaseDemo-resources.sh\"\n";
			showEnvVarsInLog = 0;
		};
		DE6F29E3F90C2062B4A94A0C /* [CP] Check Pods Manifest.lock */ = {
			isa = PBXShellScriptBuildPhase;
			buildActionMask = 2147483647;
			files = (
			);
			inputPaths = (
				"${PODS_PODFILE_DIR_PATH}/Podfile.lock",
				"${PODS_ROOT}/Manifest.lock",
			);
			name = "[CP] Check Pods Manifest.lock";
			outputPaths = (
				"$(DERIVED_FILE_DIR)/Pods-WPBaseDemo-checkManifestLockResult.txt",
			);
			runOnlyForDeploymentPostprocessing = 0;
			shellPath = /bin/sh;
			shellScript = "diff \"${PODS_PODFILE_DIR_PATH}/Podfile.lock\" \"${PODS_ROOT}/Manifest.lock\" > /dev/null\nif [ $? != 0 ] ; then\n    # print error to STDERR\n    echo \"error: The sandbox is not in sync with the Podfile.lock. Run 'pod install' or update your CocoaPods installation.\" >&2\n    exit 1\nfi\n# This output is used by Xcode 'outputs' to avoid re-running this script phase.\necho \"SUCCESS\" > \"${SCRIPT_OUTPUT_FILE_0}\"\n";
			showEnvVarsInLog = 0;
		};
		EC9BED8748837C79E958744C /* [CP] Embed Pods Frameworks */ = {
			isa = PBXShellScriptBuildPhase;
			buildActionMask = 2147483647;
			files = (
			);
			inputPaths = (
			);
			name = "[CP] Embed Pods Frameworks";
			outputPaths = (
			);
			runOnlyForDeploymentPostprocessing = 0;
			shellPath = /bin/sh;
			shellScript = "\"${SRCROOT}/Pods/Target Support Files/Pods-WPBaseDemo/Pods-WPBaseDemo-frameworks.sh\"\n";
			showEnvVarsInLog = 0;
		};
/* End PBXShellScriptBuildPhase section */

/* Begin PBXSourcesBuildPhase section */
		F77CE6A5203065B900F545C2 /* Sources */ = {
			isa = PBXSourcesBuildPhase;
			buildActionMask = 2147483647;
			files = (
				F77CE6B1203065B900F545C2 /* ViewController.m in Sources */,
				F77CE6BC203065B900F545C2 /* main.m in Sources */,
				F77CE6AE203065B900F545C2 /* AppDelegate.m in Sources */,
			);
			runOnlyForDeploymentPostprocessing = 0;
		};
/* End PBXSourcesBuildPhase section */

/* Begin PBXVariantGroup section */
		F77CE6B2203065B900F545C2 /* Main.storyboard */ = {
			isa = PBXVariantGroup;
			children = (
				F77CE6B3203065B900F545C2 /* Base */,
			);
			name = Main.storyboard;
			sourceTree = "<group>";
		};
		F77CE6B7203065B900F545C2 /* LaunchScreen.storyboard */ = {
			isa = PBXVariantGroup;
			children = (
				F77CE6B8203065B900F545C2 /* Base */,
			);
			name = LaunchScreen.storyboard;
			sourceTree = "<group>";
		};
/* End PBXVariantGroup section */

/* Begin XCBuildConfiguration section */
		F77CE6BD203065B900F545C2 /* Debug */ = {
			isa = XCBuildConfiguration;
			buildSettings = {
				ALWAYS_SEARCH_USER_PATHS = NO;
				CLANG_ANALYZER_NONNULL = YES;
				CLANG_ANALYZER_NUMBER_OBJECT_CONVERSION = YES_AGGRESSIVE;
				CLANG_CXX_LANGUAGE_STANDARD = "gnu++14";
				CLANG_CXX_LIBRARY = "libc++";
				CLANG_ENABLE_MODULES = YES;
				CLANG_ENABLE_OBJC_ARC = YES;
				CLANG_WARN_BLOCK_CAPTURE_AUTORELEASING = YES;
				CLANG_WARN_BOOL_CONVERSION = YES;
				CLANG_WARN_COMMA = YES;
				CLANG_WARN_CONSTANT_CONVERSION = YES;
				CLANG_WARN_DIRECT_OBJC_ISA_USAGE = YES_ERROR;
				CLANG_WARN_DOCUMENTATION_COMMENTS = YES;
				CLANG_WARN_EMPTY_BODY = YES;
				CLANG_WARN_ENUM_CONVERSION = YES;
				CLANG_WARN_INFINITE_RECURSION = YES;
				CLANG_WARN_INT_CONVERSION = YES;
				CLANG_WARN_NON_LITERAL_NULL_CONVERSION = YES;
				CLANG_WARN_OBJC_LITERAL_CONVERSION = YES;
				CLANG_WARN_OBJC_ROOT_CLASS = YES_ERROR;
				CLANG_WARN_RANGE_LOOP_ANALYSIS = YES;
				CLANG_WARN_STRICT_PROTOTYPES = YES;
				CLANG_WARN_SUSPICIOUS_MOVE = YES;
				CLANG_WARN_UNGUARDED_AVAILABILITY = YES_AGGRESSIVE;
				CLANG_WARN_UNREACHABLE_CODE = YES;
				CLANG_WARN__DUPLICATE_METHOD_MATCH = YES;
				CODE_SIGN_IDENTITY = "iPhone Developer";
				COPY_PHASE_STRIP = NO;
				DEBUG_INFORMATION_FORMAT = dwarf;
				ENABLE_STRICT_OBJC_MSGSEND = YES;
				ENABLE_TESTABILITY = YES;
				GCC_C_LANGUAGE_STANDARD = gnu11;
				GCC_DYNAMIC_NO_PIC = NO;
				GCC_NO_COMMON_BLOCKS = YES;
				GCC_OPTIMIZATION_LEVEL = 0;
				GCC_PREPROCESSOR_DEFINITIONS = (
					"DEBUG=1",
					"$(inherited)",
				);
				GCC_WARN_64_TO_32_BIT_CONVERSION = YES;
				GCC_WARN_ABOUT_RETURN_TYPE = YES_ERROR;
				GCC_WARN_UNDECLARED_SELECTOR = YES;
				GCC_WARN_UNINITIALIZED_AUTOS = YES_AGGRESSIVE;
				GCC_WARN_UNUSED_FUNCTION = YES;
				GCC_WARN_UNUSED_VARIABLE = YES;
				IPHONEOS_DEPLOYMENT_TARGET = 11.1;
				MTL_ENABLE_DEBUG_INFO = YES;
				ONLY_ACTIVE_ARCH = YES;
				SDKROOT = iphoneos;
			};
			name = Debug;
		};
		F77CE6BE203065B900F545C2 /* Release */ = {
			isa = XCBuildConfiguration;
			buildSettings = {
				ALWAYS_SEARCH_USER_PATHS = NO;
				CLANG_ANALYZER_NONNULL = YES;
				CLANG_ANALYZER_NUMBER_OBJECT_CONVERSION = YES_AGGRESSIVE;
				CLANG_CXX_LANGUAGE_STANDARD = "gnu++14";
				CLANG_CXX_LIBRARY = "libc++";
				CLANG_ENABLE_MODULES = YES;
				CLANG_ENABLE_OBJC_ARC = YES;
				CLANG_WARN_BLOCK_CAPTURE_AUTORELEASING = YES;
				CLANG_WARN_BOOL_CONVERSION = YES;
				CLANG_WARN_COMMA = YES;
				CLANG_WARN_CONSTANT_CONVERSION = YES;
				CLANG_WARN_DIRECT_OBJC_ISA_USAGE = YES_ERROR;
				CLANG_WARN_DOCUMENTATION_COMMENTS = YES;
				CLANG_WARN_EMPTY_BODY = YES;
				CLANG_WARN_ENUM_CONVERSION = YES;
				CLANG_WARN_INFINITE_RECURSION = YES;
				CLANG_WARN_INT_CONVERSION = YES;
				CLANG_WARN_NON_LITERAL_NULL_CONVERSION = YES;
				CLANG_WARN_OBJC_LITERAL_CONVERSION = YES;
				CLANG_WARN_OBJC_ROOT_CLASS = YES_ERROR;
				CLANG_WARN_RANGE_LOOP_ANALYSIS = YES;
				CLANG_WARN_STRICT_PROTOTYPES = YES;
				CLANG_WARN_SUSPICIOUS_MOVE = YES;
				CLANG_WARN_UNGUARDED_AVAILABILITY = YES_AGGRESSIVE;
				CLANG_WARN_UNREACHABLE_CODE = YES;
				CLANG_WARN__DUPLICATE_METHOD_MATCH = YES;
				CODE_SIGN_IDENTITY = "iPhone Developer";
				COPY_PHASE_STRIP = NO;
				DEBUG_INFORMATION_FORMAT = "dwarf-with-dsym";
				ENABLE_NS_ASSERTIONS = NO;
				ENABLE_STRICT_OBJC_MSGSEND = YES;
				GCC_C_LANGUAGE_STANDARD = gnu11;
				GCC_NO_COMMON_BLOCKS = YES;
				GCC_WARN_64_TO_32_BIT_CONVERSION = YES;
				GCC_WARN_ABOUT_RETURN_TYPE = YES_ERROR;
				GCC_WARN_UNDECLARED_SELECTOR = YES;
				GCC_WARN_UNINITIALIZED_AUTOS = YES_AGGRESSIVE;
				GCC_WARN_UNUSED_FUNCTION = YES;
				GCC_WARN_UNUSED_VARIABLE = YES;
				IPHONEOS_DEPLOYMENT_TARGET = 11.1;
				MTL_ENABLE_DEBUG_INFO = NO;
				SDKROOT = iphoneos;
				VALIDATE_PRODUCT = YES;
			};
			name = Release;
		};
		F77CE6C0203065B900F545C2 /* Debug */ = {
			isa = XCBuildConfiguration;
			baseConfigurationReference = 2D2FABCDD05093DC1692CD92 /* Pods-WPBaseDemo.debug.xcconfig */;
			buildSettings = {
				ASSETCATALOG_COMPILER_APPICON_NAME = AppIcon;
				CODE_SIGN_STYLE = Automatic;
				DEVELOPMENT_TEAM = BFM8M7NHYU;
				INFOPLIST_FILE = WPBaseDemo/Info.plist;
				IPHONEOS_DEPLOYMENT_TARGET = 9.0;
				LD_RUNPATH_SEARCH_PATHS = "$(inherited) @executable_path/Frameworks";
				PRODUCT_BUNDLE_IDENTIFIER = com.wp2017.test;
				PRODUCT_NAME = "$(TARGET_NAME)";
				TARGETED_DEVICE_FAMILY = "1,2";
			};
			name = Debug;
		};
		F77CE6C1203065B900F545C2 /* Release */ = {
			isa = XCBuildConfiguration;
			baseConfigurationReference = 8D977C6BE2B3892DF362898C /* Pods-WPBaseDemo.release.xcconfig */;
			buildSettings = {
				ASSETCATALOG_COMPILER_APPICON_NAME = AppIcon;
				CODE_SIGN_STYLE = Automatic;
				DEVELOPMENT_TEAM = BFM8M7NHYU;
				INFOPLIST_FILE = WPBaseDemo/Info.plist;
				IPHONEOS_DEPLOYMENT_TARGET = 9.0;
				LD_RUNPATH_SEARCH_PATHS = "$(inherited) @executable_path/Frameworks";
				PRODUCT_BUNDLE_IDENTIFIER = com.wp2017.test;
				PRODUCT_NAME = "$(TARGET_NAME)";
				TARGETED_DEVICE_FAMILY = "1,2";
			};
			name = Release;
		};
/* End XCBuildConfiguration section */

/* Begin XCConfigurationList section */
		F77CE6A4203065B900F545C2 /* Build configuration list for PBXProject "WPBaseDemo" */ = {
			isa = XCConfigurationList;
			buildConfigurations = (
				F77CE6BD203065B900F545C2 /* Debug */,
				F77CE6BE203065B900F545C2 /* Release */,
			);
			defaultConfigurationIsVisible = 0;
			defaultConfigurationName = Release;
		};
		F77CE6BF203065B900F545C2 /* Build configuration list for PBXNativeTarget "WPBaseDemo" */ = {
			isa = XCConfigurationList;
			buildConfigurations = (
				F77CE6C0203065B900F545C2 /* Debug */,
				F77CE6C1203065B900F545C2 /* Release */,
			);
			defaultConfigurationIsVisible = 0;
			defaultConfigurationName = Release;
		};
/* End XCConfigurationList section */
	};
	rootObject = F77CE6A1203065B900F545C2 /* Project object */;
}
